
Microsoft Visual Studio Solution File, Format Version 12.00
# Visual Studio Version 16
VisualStudioVersion = 16.0.31313.79
MinimumVisualStudioVersion = 10.0.40219.1
Project("{9A19103F-16F7-4668-BE54-9A1E7A4F7556}") = "springdata-api", "springdata-api\springdata-api.csproj", "{7A12CD98-9069-487C-B2B9-42220AF69CA4}"
EndProject
Project("{9A19103F-16F7-4668-BE54-9A1E7A4F7556}") = "springdata-common", "springdata-common\springdata-common.csproj", "{4D19148E-46A5-4FC3-B2EF-9E30C1C88B42}"
EndProject
Project("{2150E333-8FDC-42A3-9474-1A3956D46DE8}") = "Solution Items", "Solution Items", "{A9389CF4-22C1-4AC6-9DC6-209E2904CA6A}"
	ProjectSection(SolutionItems) = preProject
		DockerfileApi = DockerfileApi
		DockerfileWfe = DockerfileWfe
		Pipelines\springdata-api-pipeline.yml = Pipelines\springdata-api-pipeline.yml
		Pipelines\springdata-wfe-pipeline.yml = Pipelines\springdata-wfe-pipeline.yml
	EndProjectSection
EndProject
Project("{9A19103F-16F7-4668-BE54-9A1E7A4F7556}") = "springdata-wfe", "springdata-wfe\springdata-wfe.csproj", "{4D217E75-B2FB-4E35-ACA6-E565205A606F}"
EndProject
Project("{FAE04EC0-301F-11D3-BF4B-00C04F79EFBC}") = "springdata-fe", "springdata-fe\springdata-fe.csproj", "{9101274F-AF9F-4692-BB23-9DD437DB2FEE}"
EndProject
Global
	GlobalSection(SolutionConfigurationPlatforms) = preSolution
		Debug|Any CPU = Debug|Any CPU
		Release|Any CPU = Release|Any CPU
	EndGlobalSection
	GlobalSection(ProjectConfigurationPlatforms) = postSolution
		{7A12CD98-9069-487C-B2B9-42220AF69CA4}.Debug|Any CPU.ActiveCfg = Debug|Any CPU
		{7A12CD98-9069-487C-B2B9-42220AF69CA4}.Debug|Any CPU.Build.0 = Debug|Any CPU
		{7A12CD98-9069-487C-B2B9-42220AF69CA4}.Release|Any CPU.ActiveCfg = Release|Any CPU
		{7A12CD98-9069-487C-B2B9-42220AF69CA4}.Release|Any CPU.Build.0 = Release|Any CPU
		{4D19148E-46A5-4FC3-B2EF-9E30C1C88B42}.Debug|Any CPU.ActiveCfg = Debug|Any CPU
		{4D19148E-46A5-4FC3-B2EF-9E30C1C88B42}.Debug|Any CPU.Build.0 = Debug|Any CPU
		{4D19148E-46A5-4FC3-B2EF-9E30C1C88B42}.Release|Any CPU.ActiveCfg = Release|Any CPU
		{4D19148E-46A5-4FC3-B2EF-9E30C1C88B42}.Release|Any CPU.Build.0 = Release|Any CPU
		{4D217E75-B2FB-4E35-ACA6-E565205A606F}.Debug|Any CPU.ActiveCfg = Debug|Any CPU
		{4D217E75-B2FB-4E35-ACA6-E565205A606F}.Debug|Any CPU.Build.0 = Debug|Any CPU
		{4D217E75-B2FB-4E35-ACA6-E565205A606F}.Release|Any CPU.ActiveCfg = Release|Any CPU
		{4D217E75-B2FB-4E35-ACA6-E565205A606F}.Release|Any CPU.Build.0 = Release|Any CPU
		{9101274F-AF9F-4692-BB23-9DD437DB2FEE}.Debug|Any CPU.ActiveCfg = Debug|Any CPU
		{9101274F-AF9F-4692-BB23-9DD437DB2FEE}.Debug|Any CPU.Build.0 = Debug|Any CPU
		{9101274F-AF9F-4692-BB23-9DD437DB2FEE}.Release|Any CPU.ActiveCfg = Release|Any CPU
		{9101274F-AF9F-4692-BB23-9DD437DB2FEE}.Release|Any CPU.Build.0 = Release|Any CPU
	EndGlobalSection
	GlobalSection(SolutionProperties) = preSolution
		HideSolutionNode = FALSE
	EndGlobalSection
	GlobalSection(ExtensibilityGlobals) = postSolution
		SolutionGuid = {60FF7AEE-C6F5-4515-A172-CDF3E64DBBE4}
	EndGlobalSection
EndGlobal
